
Microsoft Visual Studio Solution File, Format Version 12.00
# Visual Studio Version 17
VisualStudioVersion = 17.2.32616.157
MinimumVisualStudioVersion = 10.0.40219.1
Project("{9A19103F-16F7-4668-BE54-9A1E7A4F7556}") = "Murmur3", "Murmur3\Murmur3.csproj", "{3664D794-9288-430D-8E3A-2DC4E0C3332B}"
EndProject
Project("{9A19103F-16F7-4668-BE54-9A1E7A4F7556}") = "Murmur3.Tests", "Murmur3.Tests\Murmur3.Tests.csproj", "{23AF8074-8248-421C-A386-642CEF7CF77F}"
EndProject
Project("{2150E333-8FDC-42A3-9474-1A3956D46DE8}") = "Solution Items", "Solution Items", "{56CA13CC-79EE-4EBE-8B94-CB3BDB747BED}"
	ProjectSection(SolutionItems) = preProject
		.editorconfig = .editorconfig
		Directory.Build.props = Directory.Build.props
		README.md = README.md
	EndProjectSection
EndProject
Global
	GlobalSection(SolutionConfigurationPlatforms) = preSolution
		Debug|Any CPU = Debug|Any CPU
		Release|Any CPU = Release|Any CPU
	EndGlobalSection
	GlobalSection(ProjectConfigurationPlatforms) = postSolution
		{3664D794-9288-430D-8E3A-2DC4E0C3332B}.Debug|Any CPU.ActiveCfg = Debug|Any CPU
		{3664D794-9288-430D-8E3A-2DC4E0C3332B}.Debug|Any CPU.Build.0 = Debug|Any CPU
		{3664D794-9288-430D-8E3A-2DC4E0C3332B}.Release|Any CPU.ActiveCfg = Release|Any CPU
		{3664D794-9288-430D-8E3A-2DC4E0C3332B}.Release|Any CPU.Build.0 = Release|Any CPU
		{23AF8074-8248-421C-A386-642CEF7CF77F}.Debug|Any CPU.ActiveCfg = Debug|Any CPU
		{23AF8074-8248-421C-A386-642CEF7CF77F}.Debug|Any CPU.Build.0 = Debug|Any CPU
		{23AF8074-8248-421C-A386-642CEF7CF77F}.Release|Any CPU.ActiveCfg = Release|Any CPU
		{23AF8074-8248-421C-A386-642CEF7CF77F}.Release|Any CPU.Build.0 = Release|Any CPU
	EndGlobalSection
	GlobalSection(SolutionProperties) = preSolution
		HideSolutionNode = FALSE
	EndGlobalSection
	GlobalSection(ExtensibilityGlobals) = postSolution
		SolutionGuid = {096EDD0C-2245-4260-8713-01623AD657F6}
	EndGlobalSection
EndGlobal
